
Microsoft Visual Studio Solution File, Format Version 12.00
# Visual Studio Version 17
VisualStudioVersion = 17.1.32428.221
MinimumVisualStudioVersion = 10.0.40219.1
Project("{FAE04EC0-301F-11D3-BF4B-00C04F79EFBC}") = "MonocleService", "MonocleService\MonocleService.csproj", "{0015F4A3-96B7-4A1B-8A52-3513616801FF}"
EndProject
Global
	GlobalSection(SolutionConfigurationPlatforms) = preSolution
		Debug|Any CPU = Debug|Any CPU
		Release|Any CPU = Release|Any CPU
	EndGlobalSection
	GlobalSection(ProjectConfigurationPlatforms) = postSolution
		{0015F4A3-96B7-4A1B-8A52-3513616801FF}.Debug|Any CPU.ActiveCfg = Debug|Any CPU
		{0015F4A3-96B7-4A1B-8A52-3513616801FF}.Debug|Any CPU.Build.0 = Debug|Any CPU
		{0015F4A3-96B7-4A1B-8A52-3513616801FF}.Release|Any CPU.ActiveCfg = Release|Any CPU
		{0015F4A3-96B7-4A1B-8A52-3513616801FF}.Release|Any CPU.Build.0 = Release|Any CPU
	EndGlobalSection
	GlobalSection(SolutionProperties) = preSolution
		HideSolutionNode = FALSE
	EndGlobalSection
	GlobalSection(ExtensibilityGlobals) = postSolution
		SolutionGuid = {2C89C2D2-9E2C-49CD-93A4-9699AF76A5F8}
	EndGlobalSection
EndGlobal
